
Microsoft Visual Studio Solution File, Format Version 12.00
Project("{FAE04EC0-301F-11D3-BF4B-00C04F79EFBC}") = "FizzBuzz", "FizzBuzz\FizzBuzz.csproj", "{BFCF4DF9-11D2-45D0-8105-B148B978B40F}"
EndProject
Project("{FAE04EC0-301F-11D3-BF4B-00C04F79EFBC}") = "Fizzbuzz.test", "Fizzbuzz.test\Fizzbuzz.test.csproj", "{AC8DB18D-42E0-41F3-83CA-310934374B3B}"
EndProject
Global
	GlobalSection(SolutionConfigurationPlatforms) = preSolution
		Debug|Any CPU = Debug|Any CPU
		Release|Any CPU = Release|Any CPU
	EndGlobalSection
	GlobalSection(ProjectConfigurationPlatforms) = postSolution
		{BFCF4DF9-11D2-45D0-8105-B148B978B40F}.Debug|Any CPU.ActiveCfg = Debug|Any CPU
		{BFCF4DF9-11D2-45D0-8105-B148B978B40F}.Debug|Any CPU.Build.0 = Debug|Any CPU
		{BFCF4DF9-11D2-45D0-8105-B148B978B40F}.Release|Any CPU.ActiveCfg = Release|Any CPU
		{BFCF4DF9-11D2-45D0-8105-B148B978B40F}.Release|Any CPU.Build.0 = Release|Any CPU
		{AC8DB18D-42E0-41F3-83CA-310934374B3B}.Debug|Any CPU.ActiveCfg = Debug|Any CPU
		{AC8DB18D-42E0-41F3-83CA-310934374B3B}.Debug|Any CPU.Build.0 = Debug|Any CPU
		{AC8DB18D-42E0-41F3-83CA-310934374B3B}.Release|Any CPU.ActiveCfg = Release|Any CPU
		{AC8DB18D-42E0-41F3-83CA-310934374B3B}.Release|Any CPU.Build.0 = Release|Any CPU
	EndGlobalSection
EndGlobal
